
Microsoft Visual Studio Solution File, Format Version 12.00
# Visual Studio Version 17
VisualStudioVersion = 17.4.33122.133
MinimumVisualStudioVersion = 10.0.40219.1
Project("{FAE04EC0-301F-11D3-BF4B-00C04F79EFBC}") = "LABA05.04.Client", "LABA05.04.Client.csproj", "{1D46294F-2DB8-4C28-A768-370C6B9FEF42}"
EndProject
Global
	GlobalSection(SolutionConfigurationPlatforms) = preSolution
		Debug|Any CPU = Debug|Any CPU
		Release|Any CPU = Release|Any CPU
	EndGlobalSection
	GlobalSection(ProjectConfigurationPlatforms) = postSolution
		{1D46294F-2DB8-4C28-A768-370C6B9FEF42}.Debug|Any CPU.ActiveCfg = Debug|Any CPU
		{1D46294F-2DB8-4C28-A768-370C6B9FEF42}.Debug|Any CPU.Build.0 = Debug|Any CPU
		{1D46294F-2DB8-4C28-A768-370C6B9FEF42}.Release|Any CPU.ActiveCfg = Release|Any CPU
		{1D46294F-2DB8-4C28-A768-370C6B9FEF42}.Release|Any CPU.Build.0 = Release|Any CPU
	EndGlobalSection
	GlobalSection(SolutionProperties) = preSolution
		HideSolutionNode = FALSE
	EndGlobalSection
	GlobalSection(ExtensibilityGlobals) = postSolution
		SolutionGuid = {92D18625-AC13-419C-AE8D-ED9012E6F5DD}
	EndGlobalSection
EndGlobal
